
Microsoft Visual Studio Solution File, Format Version 12.00
# Visual Studio 14
VisualStudioVersion = 14.0.23107.0
MinimumVisualStudioVersion = 10.0.40219.1
Project("{FAE04EC0-301F-11D3-BF4B-00C04F79EFBC}") = "PosXLib", "PosXLib\PosXLib.csproj", "{505678ED-DC71-426C-B17C-D26D6837EA42}"
EndProject
Project("{FAE04EC0-301F-11D3-BF4B-00C04F79EFBC}") = "PosXUI", "PosXUI\PosXUI.csproj", "{039CFC0F-F8B9-463A-AF21-0A00551BB6C7}"
EndProject
Project("{FAE04EC0-301F-11D3-BF4B-00C04F79EFBC}") = "UnitTestPosx", "UnitTestPosx\UnitTestPosx.csproj", "{4DFBF456-123D-40C6-BB25-ABC7117D90E6}"
EndProject
Global
	GlobalSection(SolutionConfigurationPlatforms) = preSolution
		Debug|Any CPU = Debug|Any CPU
		Release|Any CPU = Release|Any CPU
	EndGlobalSection
	GlobalSection(ProjectConfigurationPlatforms) = postSolution
		{505678ED-DC71-426C-B17C-D26D6837EA42}.Debug|Any CPU.ActiveCfg = Debug|Any CPU
		{505678ED-DC71-426C-B17C-D26D6837EA42}.Debug|Any CPU.Build.0 = Debug|Any CPU
		{505678ED-DC71-426C-B17C-D26D6837EA42}.Release|Any CPU.ActiveCfg = Release|Any CPU
		{505678ED-DC71-426C-B17C-D26D6837EA42}.Release|Any CPU.Build.0 = Release|Any CPU
		{039CFC0F-F8B9-463A-AF21-0A00551BB6C7}.Debug|Any CPU.ActiveCfg = Debug|Any CPU
		{039CFC0F-F8B9-463A-AF21-0A00551BB6C7}.Debug|Any CPU.Build.0 = Debug|Any CPU
		{039CFC0F-F8B9-463A-AF21-0A00551BB6C7}.Release|Any CPU.ActiveCfg = Release|Any CPU
		{039CFC0F-F8B9-463A-AF21-0A00551BB6C7}.Release|Any CPU.Build.0 = Release|Any CPU
		{4DFBF456-123D-40C6-BB25-ABC7117D90E6}.Debug|Any CPU.ActiveCfg = Debug|Any CPU
		{4DFBF456-123D-40C6-BB25-ABC7117D90E6}.Debug|Any CPU.Build.0 = Debug|Any CPU
		{4DFBF456-123D-40C6-BB25-ABC7117D90E6}.Release|Any CPU.ActiveCfg = Release|Any CPU
		{4DFBF456-123D-40C6-BB25-ABC7117D90E6}.Release|Any CPU.Build.0 = Release|Any CPU
	EndGlobalSection
	GlobalSection(SolutionProperties) = preSolution
		HideSolutionNode = FALSE
	EndGlobalSection
EndGlobal
